Microsoft Visual Studio Solution File, Format Version 12.00
# Visual Studio Version 17
VisualStudioVersion = 17.5.2.0
MinimumVisualStudioVersion = 10.0.40219.1
Project("{FAE04EC0-301F-11D3-BF4B-00C04F79EFBC}") = "MiTramite_Back", "MiTramite_Back.csproj", "{05D6C157-5341-C5B8-91BB-6913C1BBDF74}"
EndProject
Global
	GlobalSection(SolutionConfigurationPlatforms) = preSolution
		Debug|Any CPU = Debug|Any CPU
		Release|Any CPU = Release|Any CPU
	EndGlobalSection
	GlobalSection(ProjectConfigurationPlatforms) = postSolution
		{05D6C157-5341-C5B8-91BB-6913C1BBDF74}.Debug|Any CPU.ActiveCfg = Debug|Any CPU
		{05D6C157-5341-C5B8-91BB-6913C1BBDF74}.Debug|Any CPU.Build.0 = Debug|Any CPU
		{05D6C157-5341-C5B8-91BB-6913C1BBDF74}.Release|Any CPU.ActiveCfg = Release|Any CPU
		{05D6C157-5341-C5B8-91BB-6913C1BBDF74}.Release|Any CPU.Build.0 = Release|Any CPU
	EndGlobalSection
	GlobalSection(SolutionProperties) = preSolution
		HideSolutionNode = FALSE
	EndGlobalSection
	GlobalSection(ExtensibilityGlobals) = postSolution
		SolutionGuid = {3C19E802-EED9-4DB3-A3BB-9A7819E28832}
	EndGlobalSection
EndGlobal
